
Microsoft Visual Studio Solution File, Format Version 12.00
# Visual Studio Version 17
VisualStudioVersion = 17.8.34309.116
MinimumVisualStudioVersion = 10.0.40219.1
Project("{FAE04EC0-301F-11D3-BF4B-00C04F79EFBC}") = "QuizAPI", "QuizAPI\QuizAPI.csproj", "{DE02C090-332C-405A-818B-8BD301B10BC9}"
EndProject
Project("{FAE04EC0-301F-11D3-BF4B-00C04F79EFBC}") = "SemanticKernel.Ollama", "SemanticKernel.Ollama\SemanticKernel.Ollama.csproj", "{3236D93F-9B2A-48DB-B331-055BDDED9131}"
EndProject
Project("{FAE04EC0-301F-11D3-BF4B-00C04F79EFBC}") = "PromptMaker", "PromtMaker\PromptMaker.csproj", "{BFE8953F-7359-423A-A6A5-1FC5CF65F286}"
EndProject
Global
	GlobalSection(SolutionConfigurationPlatforms) = preSolution
		Debug|Any CPU = Debug|Any CPU
		Release|Any CPU = Release|Any CPU
	EndGlobalSection
	GlobalSection(ProjectConfigurationPlatforms) = postSolution
		{DE02C090-332C-405A-818B-8BD301B10BC9}.Debug|Any CPU.ActiveCfg = Debug|Any CPU
		{DE02C090-332C-405A-818B-8BD301B10BC9}.Debug|Any CPU.Build.0 = Debug|Any CPU
		{DE02C090-332C-405A-818B-8BD301B10BC9}.Release|Any CPU.ActiveCfg = Release|Any CPU
		{DE02C090-332C-405A-818B-8BD301B10BC9}.Release|Any CPU.Build.0 = Release|Any CPU
		{3236D93F-9B2A-48DB-B331-055BDDED9131}.Debug|Any CPU.ActiveCfg = Debug|Any CPU
		{3236D93F-9B2A-48DB-B331-055BDDED9131}.Debug|Any CPU.Build.0 = Debug|Any CPU
		{3236D93F-9B2A-48DB-B331-055BDDED9131}.Release|Any CPU.ActiveCfg = Release|Any CPU
		{3236D93F-9B2A-48DB-B331-055BDDED9131}.Release|Any CPU.Build.0 = Release|Any CPU
		{BFE8953F-7359-423A-A6A5-1FC5CF65F286}.Debug|Any CPU.ActiveCfg = Debug|Any CPU
		{BFE8953F-7359-423A-A6A5-1FC5CF65F286}.Debug|Any CPU.Build.0 = Debug|Any CPU
		{BFE8953F-7359-423A-A6A5-1FC5CF65F286}.Release|Any CPU.ActiveCfg = Release|Any CPU
		{BFE8953F-7359-423A-A6A5-1FC5CF65F286}.Release|Any CPU.Build.0 = Release|Any CPU
	EndGlobalSection
	GlobalSection(SolutionProperties) = preSolution
		HideSolutionNode = FALSE
	EndGlobalSection
	GlobalSection(ExtensibilityGlobals) = postSolution
		SolutionGuid = {7014E6A9-CA2B-473E-80C4-A5C2FC10CA93}
	EndGlobalSection
EndGlobal
